
Microsoft Visual Studio Solution File, Format Version 10.00
# Visual Studio 2008
Project("{FAE04EC0-301F-11D3-BF4B-00C04F79EFBC}") = "WallpaperChanger", "WallpaperChanger\WallpaperChanger.csproj", "{3CD05B18-F1FA-4516-8516-71D2333B8801}"
EndProject
Project("{FAE04EC0-301F-11D3-BF4B-00C04F79EFBC}") = "WallpaperUtils", "WallpaperUtils\WallpaperUtils.csproj", "{840211A3-9EF9-43FA-A174-B78DE8DC9A19}"
EndProject
Project("{FAE04EC0-301F-11D3-BF4B-00C04F79EFBC}") = "WallpaperUils.Tests", "WallpaperUils.Tests\WallpaperUils.Tests.csproj", "{D7990A33-CBFA-4B31-9B96-22C774179CFA}"
EndProject
Project("{FAE04EC0-301F-11D3-BF4B-00C04F79EFBC}") = "ScreenMonitor", "ScreenMonitor\ScreenMonitor.csproj", "{4E8988BC-555A-4987-98CA-E3E6C88F2BAB}"
EndProject
Project("{54435603-DBB4-11D2-8724-00A0C9A8B90C}") = "Setup", "Setup\Setup.vdproj", "{57AFAB2D-F8A0-4B7B-A7F4-E662CBD9AF06}"
EndProject
Global
	GlobalSection(SolutionConfigurationPlatforms) = preSolution
		Debug|Any CPU = Debug|Any CPU
		Release|Any CPU = Release|Any CPU
	EndGlobalSection
	GlobalSection(ProjectConfigurationPlatforms) = postSolution
		{3CD05B18-F1FA-4516-8516-71D2333B8801}.Debug|Any CPU.ActiveCfg = Debug|Any CPU
		{3CD05B18-F1FA-4516-8516-71D2333B8801}.Debug|Any CPU.Build.0 = Debug|Any CPU
		{3CD05B18-F1FA-4516-8516-71D2333B8801}.Release|Any CPU.ActiveCfg = Release|Any CPU
		{3CD05B18-F1FA-4516-8516-71D2333B8801}.Release|Any CPU.Build.0 = Release|Any CPU
		{840211A3-9EF9-43FA-A174-B78DE8DC9A19}.Debug|Any CPU.ActiveCfg = Debug|Any CPU
		{840211A3-9EF9-43FA-A174-B78DE8DC9A19}.Debug|Any CPU.Build.0 = Debug|Any CPU
		{840211A3-9EF9-43FA-A174-B78DE8DC9A19}.Release|Any CPU.ActiveCfg = Release|Any CPU
		{840211A3-9EF9-43FA-A174-B78DE8DC9A19}.Release|Any CPU.Build.0 = Release|Any CPU
		{D7990A33-CBFA-4B31-9B96-22C774179CFA}.Debug|Any CPU.ActiveCfg = Debug|Any CPU
		{D7990A33-CBFA-4B31-9B96-22C774179CFA}.Debug|Any CPU.Build.0 = Debug|Any CPU
		{D7990A33-CBFA-4B31-9B96-22C774179CFA}.Release|Any CPU.ActiveCfg = Release|Any CPU
		{D7990A33-CBFA-4B31-9B96-22C774179CFA}.Release|Any CPU.Build.0 = Release|Any CPU
		{4E8988BC-555A-4987-98CA-E3E6C88F2BAB}.Debug|Any CPU.ActiveCfg = Debug|Any CPU
		{4E8988BC-555A-4987-98CA-E3E6C88F2BAB}.Debug|Any CPU.Build.0 = Debug|Any CPU
		{4E8988BC-555A-4987-98CA-E3E6C88F2BAB}.Release|Any CPU.ActiveCfg = Release|Any CPU
		{4E8988BC-555A-4987-98CA-E3E6C88F2BAB}.Release|Any CPU.Build.0 = Release|Any CPU
		{57AFAB2D-F8A0-4B7B-A7F4-E662CBD9AF06}.Debug|Any CPU.ActiveCfg = Debug
		{57AFAB2D-F8A0-4B7B-A7F4-E662CBD9AF06}.Release|Any CPU.ActiveCfg = Release
	EndGlobalSection
	GlobalSection(SolutionProperties) = preSolution
		HideSolutionNode = FALSE
	EndGlobalSection
EndGlobal
